{
  "version": 4,
  "terraform_version": "1.10.5",
  "serial": 3,
  "lineage": "894292dd-45b3-7610-1b0b-32d1ae327969",
  "outputs": {},
  "resources": [
    {
      "module": "module.vpc",
      "mode": "managed",
      "type": "aws_vpc",
      "name": "main",
      "provider": "provider[\"registry.terraform.io/hashicorp/aws\"]",
      "instances": [
        {
          "schema_version": 1,
          "attributes": {
            "arn": "arn:aws:ec2:us-east-1:034362070956:vpc/vpc-0f1eca3dd4c409ac4",
            "assign_generated_ipv6_cidr_block": false,
            "cidr_block": "10.0.0.0/16",
            "default_network_acl_id": "acl-0d6c6384c0560e944",
            "default_route_table_id": "rtb-0fe28832b341b3c47",
            "default_security_group_id": "sg-036254d87f614c814",
            "dhcp_options_id": "dopt-0d0af6f70db2f4dbf",
            "enable_dns_hostnames": false,
            "enable_dns_support": true,
            "enable_network_address_usage_metrics": false,
            "id": "vpc-0f1eca3dd4c409ac4",
            "instance_tenancy": "default",
            "ipv4_ipam_pool_id": null,
            "ipv4_netmask_length": null,
            "ipv6_association_id": "",
            "ipv6_cidr_block": "",
            "ipv6_cidr_block_network_border_group": "",
            "ipv6_ipam_pool_id": "",
            "ipv6_netmask_length": 0,
            "main_route_table_id": "rtb-0fe28832b341b3c47",
            "owner_id": "034362070956",
            "tags": {
              "Environment": "sandbox",
              "ManagedBy": "Terraform",
              "Name": "devops-xterns-pod-a-jan-2025-sandbox-vpc"
            },
            "tags_all": {
              "Environment": "sandbox",
              "ManagedBy": "Terraform",
              "Name": "devops-xterns-pod-a-jan-2025-sandbox-vpc"
            }
          },
          "sensitive_attributes": [],
          "private": "eyJzY2hlbWFfdmVyc2lvbiI6IjEifQ=="
        }
      ]
    }
  ],
  "check_results": null
}
