{
  "version": 4,
  "terraform_version": "1.10.5",
  "serial": 1,
  "lineage": "5ae61540-b74a-2503-0b37-eef9cf925e28",
  "outputs": {},
  "resources": [
    {
      "module": "module.vpc",
      "mode": "managed",
      "type": "aws_vpc",
      "name": "main",
      "provider": "provider[\"registry.terraform.io/hashicorp/aws\"]",
      "instances": [
        {
          "schema_version": 1,
          "attributes": {
            "arn": "arn:aws:ec2:us-east-1:605134448146:vpc/vpc-0225cd9bb8a885ab3",
            "assign_generated_ipv6_cidr_block": false,
            "cidr_block": "10.2.0.0/16",
            "default_network_acl_id": "acl-0410d43b5828970c3",
            "default_route_table_id": "rtb-0947ad8e980d0c2f9",
            "default_security_group_id": "sg-00ec2be0704df21ef",
            "dhcp_options_id": "dopt-04086d6c869175ff4",
            "enable_dns_hostnames": false,
            "enable_dns_support": true,
            "enable_network_address_usage_metrics": false,
            "id": "vpc-0225cd9bb8a885ab3",
            "instance_tenancy": "default",
            "ipv4_ipam_pool_id": null,
            "ipv4_netmask_length": null,
            "ipv6_association_id": "",
            "ipv6_cidr_block": "",
            "ipv6_cidr_block_network_border_group": "",
            "ipv6_ipam_pool_id": "",
            "ipv6_netmask_length": 0,
            "main_route_table_id": "rtb-0947ad8e980d0c2f9",
            "owner_id": "605134448146",
            "tags": {
              "Environment": "production",
              "ManagedBy": "Terraform",
              "Name": "devops-xterns-pod-a-jan-2025-production-vpc"
            },
            "tags_all": {
              "Environment": "production",
              "ManagedBy": "Terraform",
              "Name": "devops-xterns-pod-a-jan-2025-production-vpc"
            }
          },
          "sensitive_attributes": [],
          "private": "eyJzY2hlbWFfdmVyc2lvbiI6IjEifQ=="
        }
      ]
    }
  ],
  "check_results": null
}
